
Microsoft Visual Studio Solution File, Format Version 12.00
# Visual Studio Version 16
VisualStudioVersion = 16.0.30002.166
MinimumVisualStudioVersion = 10.0.40219.1
Project("{2150E333-8FDC-42A3-9474-1A3956D46DE8}") = "Core", "Core", "{6AC9B32E-1183-4246-91B3-9AB3D285E6E1}"
EndProject
Project("{9A19103F-16F7-4668-BE54-9A1E7A4F7556}") = "Core.Domain", "src\Core\Core.Domain\Core.Domain.csproj", "{B2C62369-E108-41CD-B2C8-092EF833E837}"
EndProject
Project("{9A19103F-16F7-4668-BE54-9A1E7A4F7556}") = "Core.Infra.CrossCutting.Identity", "src\Core\Core.Infra.CrossCutting.Identity\Core.Infra.CrossCutting.Identity.csproj", "{A8E231E4-0A92-4839-AABC-B5BC5C7682AF}"
EndProject
Project("{9A19103F-16F7-4668-BE54-9A1E7A4F7556}") = "Core.Infra.MySQL", "src\Core\Core.Infra.MySQL\Core.Infra.MySQL.csproj", "{C48648DB-7EE5-48C8-A2EB-52D5863D82D1}"
EndProject
Project("{9A19103F-16F7-4668-BE54-9A1E7A4F7556}") = "Core.Infra.Mongo", "src\Core\Core.Infra.Mongo\Core.Infra.Mongo.csproj", "{B9B75363-C7FA-427C-BE85-300A8CB38E55}"
EndProject
Project("{9A19103F-16F7-4668-BE54-9A1E7A4F7556}") = "Core.Cache", "src\Core\Core.Cache\Core.Cache.csproj", "{34F74E23-1CDD-4EFC-9515-1F25A11D5BA2}"
EndProject
Project("{2150E333-8FDC-42A3-9474-1A3956D46DE8}") = "API", "API", "{902A296F-5607-4FFF-99DA-2C2C01754A67}"
EndProject
Project("{9A19103F-16F7-4668-BE54-9A1E7A4F7556}") = "Rumox.API", "src\API\Rumox.API.csproj", "{50D8BD87-A629-4DD7-97B0-100656D54893}"
EndProject
Project("{2150E333-8FDC-42A3-9474-1A3956D46DE8}") = "Catalogo", "Catalogo", "{4ACC1B14-D3FE-40DC-8CB1-FF708BC99D18}"
	ProjectSection(SolutionItems) = preProject
		src\Catalogo\README.md = src\Catalogo\README.md
	EndProjectSection
EndProject
Project("{2150E333-8FDC-42A3-9474-1A3956D46DE8}") = "CRM", "CRM", "{A51A022C-6F37-4019-B76F-437E71E3DA32}"
	ProjectSection(SolutionItems) = preProject
		src\CRM\README.md = src\CRM\README.md
	EndProjectSection
EndProject
Project("{2150E333-8FDC-42A3-9474-1A3956D46DE8}") = "Pagamento", "Pagamento", "{901C2377-AEAF-4538-9F6A-21E1D9C22D71}"
EndProject
Project("{2150E333-8FDC-42A3-9474-1A3956D46DE8}") = "Venda", "Venda", "{132DCCE4-CDCE-4CF4-83FF-68C06C70118B}"
EndProject
Project("{2150E333-8FDC-42A3-9474-1A3956D46DE8}") = "Logistica", "Logistica", "{977BEDE7-D53C-49A7-8067-4F17FBF24020}"
EndProject
Project("{2150E333-8FDC-42A3-9474-1A3956D46DE8}") = "Marketing", "Marketing", "{C7529170-2834-4957-B5F2-DFE96A7FCE6E}"
EndProject
Project("{9A19103F-16F7-4668-BE54-9A1E7A4F7556}") = "Catalogo.Domain", "src\Catalogo\Catalogo.Domain\Catalogo.Domain.csproj", "{5182EBEE-CF63-4349-8EE2-13DE4B930FCE}"
EndProject
Project("{9A19103F-16F7-4668-BE54-9A1E7A4F7556}") = "Catalogo.Events", "src\Catalogo\Catalogo.Events\Catalogo.Events.csproj", "{C187E404-BF75-4B24-844E-FA988AA34D87}"
EndProject
Project("{9A19103F-16F7-4668-BE54-9A1E7A4F7556}") = "Catalogo.Infra.Data.MySQL", "src\Catalogo\Catalogo.Infra.Data.MySQL\Catalogo.Infra.Data.MySQL.csproj", "{4BBBCF19-FE73-4311-9117-8F806902F3A8}"
EndProject
Project("{9A19103F-16F7-4668-BE54-9A1E7A4F7556}") = "Catalogo.Infra.CrossCutting.DI", "src\Catalogo\Catalogo.Infra.CrossCutting.DI\Catalogo.Infra.CrossCutting.DI.csproj", "{02DC4234-BDF0-4374-B8AC-AE2868270778}"
EndProject
Project("{2150E333-8FDC-42A3-9474-1A3956D46DE8}") = "Tests", "Tests", "{4FF106F1-0ACA-403A-94B4-E349EB2BD48B}"
EndProject
Project("{2150E333-8FDC-42A3-9474-1A3956D46DE8}") = "Tests", "Tests", "{A448C877-398C-46A0-9169-34A5A49203DD}"
EndProject
Project("{9A19103F-16F7-4668-BE54-9A1E7A4F7556}") = "Catalogo.Domain.Tests", "tests\Catalogo.Domain.Tests\Catalogo.Domain.Tests.csproj", "{56F55A7B-2DFB-4376-B0B4-145ED716D03C}"
EndProject
Project("{9A19103F-16F7-4668-BE54-9A1E7A4F7556}") = "Rumox.API.Tests", "tests\Rumox.API.Tests\Rumox.API.Tests.csproj", "{79337A37-6AE8-46E2-93D9-B5EF027AD8D4}"
EndProject
Project("{9A19103F-16F7-4668-BE54-9A1E7A4F7556}") = "CRM.Domain", "src\CRM\CRM.Domain\CRM.Domain.csproj", "{2C3BCD09-29E0-4752-AF7F-7A84FF3F8E9A}"
EndProject
Project("{9A19103F-16F7-4668-BE54-9A1E7A4F7556}") = "CRM.Events", "src\CRM\CRM.Events\CRM.Events.csproj", "{CEC145CB-8990-4309-9A2D-FEE9F6D03B6A}"
EndProject
Project("{2150E333-8FDC-42A3-9474-1A3956D46DE8}") = "Tests", "Tests", "{0CDCA309-8326-43C0-9726-61C64E48AC3A}"
EndProject
Project("{9A19103F-16F7-4668-BE54-9A1E7A4F7556}") = "CRM.Domain.Tests", "tests\CRM.Domain.Tests\CRM.Domain.Tests.csproj", "{AA0C19C5-A4F4-4425-B233-631683477416}"
EndProject
Project("{9A19103F-16F7-4668-BE54-9A1E7A4F7556}") = "CRM.Infra.Data.Mongo", "src\CRM\CRM.Infra.Data.Mongo\CRM.Infra.Data.Mongo.csproj", "{23BD6EB4-CD43-4AA6-BBB9-11310EDD1C21}"
EndProject
Project("{9A19103F-16F7-4668-BE54-9A1E7A4F7556}") = "CRM.Infra.CrossCutting.DI", "src\CRM\CRM.Infra.CrossCutting.DI\CRM.Infra.CrossCutting.DI.csproj", "{ED758688-D7D8-49AF-9DBD-AD9470BD25F3}"
EndProject
Project("{FAE04EC0-301F-11D3-BF4B-00C04F79EFBC}") = "CRM.Infra.CrossCutting.Identity", "src\CRM\CRM.Infra.CrossCutting.Identity\CRM.Infra.CrossCutting.Identity.csproj", "{C7849B6B-4B88-4BDD-A627-E8154FED19BB}"
EndProject
Global
	GlobalSection(SolutionConfigurationPlatforms) = preSolution
		ConsumirAPI|Any CPU = ConsumirAPI|Any CPU
		Debug|Any CPU = Debug|Any CPU
		Release|Any CPU = Release|Any CPU
		Tests|Any CPU = Tests|Any CPU
	EndGlobalSection
	GlobalSection(ProjectConfigurationPlatforms) = postSolution
		{B2C62369-E108-41CD-B2C8-092EF833E837}.ConsumirAPI|Any CPU.ActiveCfg = Debug|Any CPU
		{B2C62369-E108-41CD-B2C8-092EF833E837}.ConsumirAPI|Any CPU.Build.0 = Debug|Any CPU
		{B2C62369-E108-41CD-B2C8-092EF833E837}.Debug|Any CPU.ActiveCfg = Debug|Any CPU
		{B2C62369-E108-41CD-B2C8-092EF833E837}.Debug|Any CPU.Build.0 = Debug|Any CPU
		{B2C62369-E108-41CD-B2C8-092EF833E837}.Release|Any CPU.ActiveCfg = Release|Any CPU
		{B2C62369-E108-41CD-B2C8-092EF833E837}.Release|Any CPU.Build.0 = Release|Any CPU
		{B2C62369-E108-41CD-B2C8-092EF833E837}.Tests|Any CPU.ActiveCfg = Debug|Any CPU
		{B2C62369-E108-41CD-B2C8-092EF833E837}.Tests|Any CPU.Build.0 = Debug|Any CPU
		{A8E231E4-0A92-4839-AABC-B5BC5C7682AF}.ConsumirAPI|Any CPU.ActiveCfg = Debug|Any CPU
		{A8E231E4-0A92-4839-AABC-B5BC5C7682AF}.ConsumirAPI|Any CPU.Build.0 = Debug|Any CPU
		{A8E231E4-0A92-4839-AABC-B5BC5C7682AF}.Debug|Any CPU.ActiveCfg = Debug|Any CPU
		{A8E231E4-0A92-4839-AABC-B5BC5C7682AF}.Debug|Any CPU.Build.0 = Debug|Any CPU
		{A8E231E4-0A92-4839-AABC-B5BC5C7682AF}.Release|Any CPU.ActiveCfg = Release|Any CPU
		{A8E231E4-0A92-4839-AABC-B5BC5C7682AF}.Release|Any CPU.Build.0 = Release|Any CPU
		{A8E231E4-0A92-4839-AABC-B5BC5C7682AF}.Tests|Any CPU.ActiveCfg = Debug|Any CPU
		{A8E231E4-0A92-4839-AABC-B5BC5C7682AF}.Tests|Any CPU.Build.0 = Debug|Any CPU
		{C48648DB-7EE5-48C8-A2EB-52D5863D82D1}.ConsumirAPI|Any CPU.ActiveCfg = Debug|Any CPU
		{C48648DB-7EE5-48C8-A2EB-52D5863D82D1}.ConsumirAPI|Any CPU.Build.0 = Debug|Any CPU
		{C48648DB-7EE5-48C8-A2EB-52D5863D82D1}.Debug|Any CPU.ActiveCfg = Debug|Any CPU
		{C48648DB-7EE5-48C8-A2EB-52D5863D82D1}.Debug|Any CPU.Build.0 = Debug|Any CPU
		{C48648DB-7EE5-48C8-A2EB-52D5863D82D1}.Release|Any CPU.ActiveCfg = Release|Any CPU
		{C48648DB-7EE5-48C8-A2EB-52D5863D82D1}.Release|Any CPU.Build.0 = Release|Any CPU
		{C48648DB-7EE5-48C8-A2EB-52D5863D82D1}.Tests|Any CPU.ActiveCfg = Debug|Any CPU
		{C48648DB-7EE5-48C8-A2EB-52D5863D82D1}.Tests|Any CPU.Build.0 = Debug|Any CPU
		{B9B75363-C7FA-427C-BE85-300A8CB38E55}.ConsumirAPI|Any CPU.ActiveCfg = Debug|Any CPU
		{B9B75363-C7FA-427C-BE85-300A8CB38E55}.ConsumirAPI|Any CPU.Build.0 = Debug|Any CPU
		{B9B75363-C7FA-427C-BE85-300A8CB38E55}.Debug|Any CPU.ActiveCfg = Debug|Any CPU
		{B9B75363-C7FA-427C-BE85-300A8CB38E55}.Debug|Any CPU.Build.0 = Debug|Any CPU
		{B9B75363-C7FA-427C-BE85-300A8CB38E55}.Release|Any CPU.ActiveCfg = Release|Any CPU
		{B9B75363-C7FA-427C-BE85-300A8CB38E55}.Release|Any CPU.Build.0 = Release|Any CPU
		{B9B75363-C7FA-427C-BE85-300A8CB38E55}.Tests|Any CPU.ActiveCfg = Debug|Any CPU
		{B9B75363-C7FA-427C-BE85-300A8CB38E55}.Tests|Any CPU.Build.0 = Debug|Any CPU
		{34F74E23-1CDD-4EFC-9515-1F25A11D5BA2}.ConsumirAPI|Any CPU.ActiveCfg = Debug|Any CPU
		{34F74E23-1CDD-4EFC-9515-1F25A11D5BA2}.ConsumirAPI|Any CPU.Build.0 = Debug|Any CPU
		{34F74E23-1CDD-4EFC-9515-1F25A11D5BA2}.Debug|Any CPU.ActiveCfg = Debug|Any CPU
		{34F74E23-1CDD-4EFC-9515-1F25A11D5BA2}.Debug|Any CPU.Build.0 = Debug|Any CPU
		{34F74E23-1CDD-4EFC-9515-1F25A11D5BA2}.Release|Any CPU.ActiveCfg = Release|Any CPU
		{34F74E23-1CDD-4EFC-9515-1F25A11D5BA2}.Release|Any CPU.Build.0 = Release|Any CPU
		{34F74E23-1CDD-4EFC-9515-1F25A11D5BA2}.Tests|Any CPU.ActiveCfg = Debug|Any CPU
		{34F74E23-1CDD-4EFC-9515-1F25A11D5BA2}.Tests|Any CPU.Build.0 = Debug|Any CPU
		{50D8BD87-A629-4DD7-97B0-100656D54893}.ConsumirAPI|Any CPU.ActiveCfg = Debug|Any CPU
		{50D8BD87-A629-4DD7-97B0-100656D54893}.ConsumirAPI|Any CPU.Build.0 = Debug|Any CPU
		{50D8BD87-A629-4DD7-97B0-100656D54893}.Debug|Any CPU.ActiveCfg = Debug|Any CPU
		{50D8BD87-A629-4DD7-97B0-100656D54893}.Debug|Any CPU.Build.0 = Debug|Any CPU
		{50D8BD87-A629-4DD7-97B0-100656D54893}.Release|Any CPU.ActiveCfg = Release|Any CPU
		{50D8BD87-A629-4DD7-97B0-100656D54893}.Release|Any CPU.Build.0 = Release|Any CPU
		{50D8BD87-A629-4DD7-97B0-100656D54893}.Tests|Any CPU.ActiveCfg = Debug|Any CPU
		{50D8BD87-A629-4DD7-97B0-100656D54893}.Tests|Any CPU.Build.0 = Debug|Any CPU
		{5182EBEE-CF63-4349-8EE2-13DE4B930FCE}.ConsumirAPI|Any CPU.ActiveCfg = Debug|Any CPU
		{5182EBEE-CF63-4349-8EE2-13DE4B930FCE}.ConsumirAPI|Any CPU.Build.0 = Debug|Any CPU
		{5182EBEE-CF63-4349-8EE2-13DE4B930FCE}.Debug|Any CPU.ActiveCfg = Debug|Any CPU
		{5182EBEE-CF63-4349-8EE2-13DE4B930FCE}.Debug|Any CPU.Build.0 = Debug|Any CPU
		{5182EBEE-CF63-4349-8EE2-13DE4B930FCE}.Release|Any CPU.ActiveCfg = Release|Any CPU
		{5182EBEE-CF63-4349-8EE2-13DE4B930FCE}.Release|Any CPU.Build.0 = Release|Any CPU
		{5182EBEE-CF63-4349-8EE2-13DE4B930FCE}.Tests|Any CPU.ActiveCfg = Debug|Any CPU
		{5182EBEE-CF63-4349-8EE2-13DE4B930FCE}.Tests|Any CPU.Build.0 = Debug|Any CPU
		{C187E404-BF75-4B24-844E-FA988AA34D87}.ConsumirAPI|Any CPU.ActiveCfg = Debug|Any CPU
		{C187E404-BF75-4B24-844E-FA988AA34D87}.ConsumirAPI|Any CPU.Build.0 = Debug|Any CPU
		{C187E404-BF75-4B24-844E-FA988AA34D87}.Debug|Any CPU.ActiveCfg = Debug|Any CPU
		{C187E404-BF75-4B24-844E-FA988AA34D87}.Debug|Any CPU.Build.0 = Debug|Any CPU
		{C187E404-BF75-4B24-844E-FA988AA34D87}.Release|Any CPU.ActiveCfg = Release|Any CPU
		{C187E404-BF75-4B24-844E-FA988AA34D87}.Release|Any CPU.Build.0 = Release|Any CPU
		{C187E404-BF75-4B24-844E-FA988AA34D87}.Tests|Any CPU.ActiveCfg = Debug|Any CPU
		{C187E404-BF75-4B24-844E-FA988AA34D87}.Tests|Any CPU.Build.0 = Debug|Any CPU
		{4BBBCF19-FE73-4311-9117-8F806902F3A8}.ConsumirAPI|Any CPU.ActiveCfg = Debug|Any CPU
		{4BBBCF19-FE73-4311-9117-8F806902F3A8}.ConsumirAPI|Any CPU.Build.0 = Debug|Any CPU
		{4BBBCF19-FE73-4311-9117-8F806902F3A8}.Debug|Any CPU.ActiveCfg = Debug|Any CPU
		{4BBBCF19-FE73-4311-9117-8F806902F3A8}.Debug|Any CPU.Build.0 = Debug|Any CPU
		{4BBBCF19-FE73-4311-9117-8F806902F3A8}.Release|Any CPU.ActiveCfg = Release|Any CPU
		{4BBBCF19-FE73-4311-9117-8F806902F3A8}.Release|Any CPU.Build.0 = Release|Any CPU
		{4BBBCF19-FE73-4311-9117-8F806902F3A8}.Tests|Any CPU.ActiveCfg = Debug|Any CPU
		{4BBBCF19-FE73-4311-9117-8F806902F3A8}.Tests|Any CPU.Build.0 = Debug|Any CPU
		{02DC4234-BDF0-4374-B8AC-AE2868270778}.ConsumirAPI|Any CPU.ActiveCfg = Debug|Any CPU
		{02DC4234-BDF0-4374-B8AC-AE2868270778}.ConsumirAPI|Any CPU.Build.0 = Debug|Any CPU
		{02DC4234-BDF0-4374-B8AC-AE2868270778}.Debug|Any CPU.ActiveCfg = Debug|Any CPU
		{02DC4234-BDF0-4374-B8AC-AE2868270778}.Debug|Any CPU.Build.0 = Debug|Any CPU
		{02DC4234-BDF0-4374-B8AC-AE2868270778}.Release|Any CPU.ActiveCfg = Release|Any CPU
		{02DC4234-BDF0-4374-B8AC-AE2868270778}.Release|Any CPU.Build.0 = Release|Any CPU
		{02DC4234-BDF0-4374-B8AC-AE2868270778}.Tests|Any CPU.ActiveCfg = Debug|Any CPU
		{02DC4234-BDF0-4374-B8AC-AE2868270778}.Tests|Any CPU.Build.0 = Debug|Any CPU
		{56F55A7B-2DFB-4376-B0B4-145ED716D03C}.ConsumirAPI|Any CPU.ActiveCfg = Debug|Any CPU
		{56F55A7B-2DFB-4376-B0B4-145ED716D03C}.ConsumirAPI|Any CPU.Build.0 = Debug|Any CPU
		{56F55A7B-2DFB-4376-B0B4-145ED716D03C}.Debug|Any CPU.ActiveCfg = Debug|Any CPU
		{56F55A7B-2DFB-4376-B0B4-145ED716D03C}.Debug|Any CPU.Build.0 = Debug|Any CPU
		{56F55A7B-2DFB-4376-B0B4-145ED716D03C}.Release|Any CPU.ActiveCfg = Release|Any CPU
		{56F55A7B-2DFB-4376-B0B4-145ED716D03C}.Release|Any CPU.Build.0 = Release|Any CPU
		{56F55A7B-2DFB-4376-B0B4-145ED716D03C}.Tests|Any CPU.ActiveCfg = Debug|Any CPU
		{56F55A7B-2DFB-4376-B0B4-145ED716D03C}.Tests|Any CPU.Build.0 = Debug|Any CPU
		{79337A37-6AE8-46E2-93D9-B5EF027AD8D4}.ConsumirAPI|Any CPU.ActiveCfg = Debug|Any CPU
		{79337A37-6AE8-46E2-93D9-B5EF027AD8D4}.ConsumirAPI|Any CPU.Build.0 = Debug|Any CPU
		{79337A37-6AE8-46E2-93D9-B5EF027AD8D4}.Debug|Any CPU.ActiveCfg = Debug|Any CPU
		{79337A37-6AE8-46E2-93D9-B5EF027AD8D4}.Debug|Any CPU.Build.0 = Debug|Any CPU
		{79337A37-6AE8-46E2-93D9-B5EF027AD8D4}.Release|Any CPU.ActiveCfg = Release|Any CPU
		{79337A37-6AE8-46E2-93D9-B5EF027AD8D4}.Release|Any CPU.Build.0 = Release|Any CPU
		{79337A37-6AE8-46E2-93D9-B5EF027AD8D4}.Tests|Any CPU.ActiveCfg = Debug|Any CPU
		{79337A37-6AE8-46E2-93D9-B5EF027AD8D4}.Tests|Any CPU.Build.0 = Debug|Any CPU
		{2C3BCD09-29E0-4752-AF7F-7A84FF3F8E9A}.ConsumirAPI|Any CPU.ActiveCfg = Debug|Any CPU
		{2C3BCD09-29E0-4752-AF7F-7A84FF3F8E9A}.ConsumirAPI|Any CPU.Build.0 = Debug|Any CPU
		{2C3BCD09-29E0-4752-AF7F-7A84FF3F8E9A}.Debug|Any CPU.ActiveCfg = Debug|Any CPU
		{2C3BCD09-29E0-4752-AF7F-7A84FF3F8E9A}.Debug|Any CPU.Build.0 = Debug|Any CPU
		{2C3BCD09-29E0-4752-AF7F-7A84FF3F8E9A}.Release|Any CPU.ActiveCfg = Release|Any CPU
		{2C3BCD09-29E0-4752-AF7F-7A84FF3F8E9A}.Release|Any CPU.Build.0 = Release|Any CPU
		{2C3BCD09-29E0-4752-AF7F-7A84FF3F8E9A}.Tests|Any CPU.ActiveCfg = Debug|Any CPU
		{2C3BCD09-29E0-4752-AF7F-7A84FF3F8E9A}.Tests|Any CPU.Build.0 = Debug|Any CPU
		{CEC145CB-8990-4309-9A2D-FEE9F6D03B6A}.ConsumirAPI|Any CPU.ActiveCfg = Debug|Any CPU
		{CEC145CB-8990-4309-9A2D-FEE9F6D03B6A}.ConsumirAPI|Any CPU.Build.0 = Debug|Any CPU
		{CEC145CB-8990-4309-9A2D-FEE9F6D03B6A}.Debug|Any CPU.ActiveCfg = Debug|Any CPU
		{CEC145CB-8990-4309-9A2D-FEE9F6D03B6A}.Debug|Any CPU.Build.0 = Debug|Any CPU
		{CEC145CB-8990-4309-9A2D-FEE9F6D03B6A}.Release|Any CPU.ActiveCfg = Release|Any CPU
		{CEC145CB-8990-4309-9A2D-FEE9F6D03B6A}.Release|Any CPU.Build.0 = Release|Any CPU
		{CEC145CB-8990-4309-9A2D-FEE9F6D03B6A}.Tests|Any CPU.ActiveCfg = Debug|Any CPU
		{CEC145CB-8990-4309-9A2D-FEE9F6D03B6A}.Tests|Any CPU.Build.0 = Debug|Any CPU
		{AA0C19C5-A4F4-4425-B233-631683477416}.ConsumirAPI|Any CPU.ActiveCfg = Debug|Any CPU
		{AA0C19C5-A4F4-4425-B233-631683477416}.ConsumirAPI|Any CPU.Build.0 = Debug|Any CPU
		{AA0C19C5-A4F4-4425-B233-631683477416}.Debug|Any CPU.ActiveCfg = Debug|Any CPU
		{AA0C19C5-A4F4-4425-B233-631683477416}.Debug|Any CPU.Build.0 = Debug|Any CPU
		{AA0C19C5-A4F4-4425-B233-631683477416}.Release|Any CPU.ActiveCfg = Release|Any CPU
		{AA0C19C5-A4F4-4425-B233-631683477416}.Release|Any CPU.Build.0 = Release|Any CPU
		{AA0C19C5-A4F4-4425-B233-631683477416}.Tests|Any CPU.ActiveCfg = Debug|Any CPU
		{AA0C19C5-A4F4-4425-B233-631683477416}.Tests|Any CPU.Build.0 = Debug|Any CPU
		{23BD6EB4-CD43-4AA6-BBB9-11310EDD1C21}.ConsumirAPI|Any CPU.ActiveCfg = Debug|Any CPU
		{23BD6EB4-CD43-4AA6-BBB9-11310EDD1C21}.ConsumirAPI|Any CPU.Build.0 = Debug|Any CPU
		{23BD6EB4-CD43-4AA6-BBB9-11310EDD1C21}.Debug|Any CPU.ActiveCfg = Debug|Any CPU
		{23BD6EB4-CD43-4AA6-BBB9-11310EDD1C21}.Debug|Any CPU.Build.0 = Debug|Any CPU
		{23BD6EB4-CD43-4AA6-BBB9-11310EDD1C21}.Release|Any CPU.ActiveCfg = Release|Any CPU
		{23BD6EB4-CD43-4AA6-BBB9-11310EDD1C21}.Release|Any CPU.Build.0 = Release|Any CPU
		{23BD6EB4-CD43-4AA6-BBB9-11310EDD1C21}.Tests|Any CPU.ActiveCfg = Debug|Any CPU
		{23BD6EB4-CD43-4AA6-BBB9-11310EDD1C21}.Tests|Any CPU.Build.0 = Debug|Any CPU
		{ED758688-D7D8-49AF-9DBD-AD9470BD25F3}.ConsumirAPI|Any CPU.ActiveCfg = Debug|Any CPU
		{ED758688-D7D8-49AF-9DBD-AD9470BD25F3}.ConsumirAPI|Any CPU.Build.0 = Debug|Any CPU
		{ED758688-D7D8-49AF-9DBD-AD9470BD25F3}.Debug|Any CPU.ActiveCfg = Debug|Any CPU
		{ED758688-D7D8-49AF-9DBD-AD9470BD25F3}.Debug|Any CPU.Build.0 = Debug|Any CPU
		{ED758688-D7D8-49AF-9DBD-AD9470BD25F3}.Release|Any CPU.ActiveCfg = Release|Any CPU
		{ED758688-D7D8-49AF-9DBD-AD9470BD25F3}.Release|Any CPU.Build.0 = Release|Any CPU
		{ED758688-D7D8-49AF-9DBD-AD9470BD25F3}.Tests|Any CPU.ActiveCfg = Debug|Any CPU
		{ED758688-D7D8-49AF-9DBD-AD9470BD25F3}.Tests|Any CPU.Build.0 = Debug|Any CPU
		{C7849B6B-4B88-4BDD-A627-E8154FED19BB}.ConsumirAPI|Any CPU.ActiveCfg = Debug|Any CPU
		{C7849B6B-4B88-4BDD-A627-E8154FED19BB}.ConsumirAPI|Any CPU.Build.0 = Debug|Any CPU
		{C7849B6B-4B88-4BDD-A627-E8154FED19BB}.Debug|Any CPU.ActiveCfg = Debug|Any CPU
		{C7849B6B-4B88-4BDD-A627-E8154FED19BB}.Debug|Any CPU.Build.0 = Debug|Any CPU
		{C7849B6B-4B88-4BDD-A627-E8154FED19BB}.Release|Any CPU.ActiveCfg = Release|Any CPU
		{C7849B6B-4B88-4BDD-A627-E8154FED19BB}.Release|Any CPU.Build.0 = Release|Any CPU
		{C7849B6B-4B88-4BDD-A627-E8154FED19BB}.Tests|Any CPU.ActiveCfg = Debug|Any CPU
		{C7849B6B-4B88-4BDD-A627-E8154FED19BB}.Tests|Any CPU.Build.0 = Debug|Any CPU
	EndGlobalSection
	GlobalSection(SolutionProperties) = preSolution
		HideSolutionNode = FALSE
	EndGlobalSection
	GlobalSection(NestedProjects) = preSolution
		{B2C62369-E108-41CD-B2C8-092EF833E837} = {6AC9B32E-1183-4246-91B3-9AB3D285E6E1}
		{A8E231E4-0A92-4839-AABC-B5BC5C7682AF} = {6AC9B32E-1183-4246-91B3-9AB3D285E6E1}
		{C48648DB-7EE5-48C8-A2EB-52D5863D82D1} = {6AC9B32E-1183-4246-91B3-9AB3D285E6E1}
		{B9B75363-C7FA-427C-BE85-300A8CB38E55} = {6AC9B32E-1183-4246-91B3-9AB3D285E6E1}
		{34F74E23-1CDD-4EFC-9515-1F25A11D5BA2} = {6AC9B32E-1183-4246-91B3-9AB3D285E6E1}
		{50D8BD87-A629-4DD7-97B0-100656D54893} = {902A296F-5607-4FFF-99DA-2C2C01754A67}
		{5182EBEE-CF63-4349-8EE2-13DE4B930FCE} = {4ACC1B14-D3FE-40DC-8CB1-FF708BC99D18}
		{C187E404-BF75-4B24-844E-FA988AA34D87} = {4ACC1B14-D3FE-40DC-8CB1-FF708BC99D18}
		{4BBBCF19-FE73-4311-9117-8F806902F3A8} = {4ACC1B14-D3FE-40DC-8CB1-FF708BC99D18}
		{02DC4234-BDF0-4374-B8AC-AE2868270778} = {4ACC1B14-D3FE-40DC-8CB1-FF708BC99D18}
		{A448C877-398C-46A0-9169-34A5A49203DD} = {4ACC1B14-D3FE-40DC-8CB1-FF708BC99D18}
		{56F55A7B-2DFB-4376-B0B4-145ED716D03C} = {A448C877-398C-46A0-9169-34A5A49203DD}
		{79337A37-6AE8-46E2-93D9-B5EF027AD8D4} = {4FF106F1-0ACA-403A-94B4-E349EB2BD48B}
		{2C3BCD09-29E0-4752-AF7F-7A84FF3F8E9A} = {A51A022C-6F37-4019-B76F-437E71E3DA32}
		{CEC145CB-8990-4309-9A2D-FEE9F6D03B6A} = {A51A022C-6F37-4019-B76F-437E71E3DA32}
		{0CDCA309-8326-43C0-9726-61C64E48AC3A} = {A51A022C-6F37-4019-B76F-437E71E3DA32}
		{AA0C19C5-A4F4-4425-B233-631683477416} = {0CDCA309-8326-43C0-9726-61C64E48AC3A}
		{23BD6EB4-CD43-4AA6-BBB9-11310EDD1C21} = {A51A022C-6F37-4019-B76F-437E71E3DA32}
		{ED758688-D7D8-49AF-9DBD-AD9470BD25F3} = {A51A022C-6F37-4019-B76F-437E71E3DA32}
		{C7849B6B-4B88-4BDD-A627-E8154FED19BB} = {A51A022C-6F37-4019-B76F-437E71E3DA32}
	EndGlobalSection
	GlobalSection(ExtensibilityGlobals) = postSolution
		SolutionGuid = {3558B6B8-1AFC-44DE-B097-87D7A1E9AABD}
	EndGlobalSection
EndGlobal
